<?xml version="1.0" encoding="utf-8"?>
<Project ToolsVersion="4.0" xmlns="http://schemas.microsoft.com/developer/msbuild/2003">
  <ItemGroup>
    <ClCompile Include="LiquidFunCHOP.cpp" />
  </ItemGroup>
  <ItemGroup>
    <ClInclude Include="CHOP_CPlusPlusBase.h" />
    <ClInclude Include="CPlusPlus_Common.h" />
    <ClInclude Include="GL_Extensions.h" />
    <ClInclude Include="LiquidFunCHOP.h" />
    <ClInclude Include="DamBreak.h">
      <Filter>Scenes</Filter>
    </ClInclude>
    <ClInclude Include="SceneBase.h">
      <Filter>Scenes</Filter>
    </ClInclude>
    <ClInclude Include="WaveMachine.h">
      <Filter>Scenes</Filter>
    </ClInclude>
    <ClInclude Include="Scenes.h">
      <Filter>Scenes</Filter>
    </ClInclude>
  </ItemGroup>
  <ItemGroup>
    <Filter Include="Scenes">
      <UniqueIdentifier>{4579d5cc-0f21-4c19-91b4-2e5ea508eb0a}</UniqueIdentifier>
    </Filter>
  </ItemGroup>
</Project>